// !$*UTF8*$!
{
	archiveVersion = 1;
	classes = {
	};
	objectVersion = 50;
	objects = {

/* Begin PBXBuildFile section */
		7E60B73920CAD44900C8F703 /* AppDelegate.m in Sources */ = {isa = PBXBuildFile; fileRef = 7E60B73820CAD44900C8F703 /* AppDelegate.m */; };
		7E60B73F20CAD44900C8F703 /* Main.storyboard in Resources */ = {isa = PBXBuildFile; fileRef = 7E60B73D20CAD44900C8F703 /* Main.storyboard */; };
		7E60B74120CAD44A00C8F703 /* Assets.xcassets in Resources */ = {isa = PBXBuildFile; fileRef = 7E60B74020CAD44A00C8F703 /* Assets.xcassets */; };
		7E60B74420CAD44A00C8F703 /* LaunchScreen.storyboard in Resources */ = {isa = PBXBuildFile; fileRef = 7E60B74220CAD44A00C8F703 /* LaunchScreen.storyboard */; };
		7E60B74720CAD44A00C8F703 /* main.m in Sources */ = {isa = PBXBuildFile; fileRef = 7E60B74620CAD44A00C8F703 /* main.m */; };
		7E60B75520CAD7EF00C8F703 /* PostTableViewCell.swift in Sources */ = {isa = PBXBuildFile; fileRef = 7E60B75420CAD7EF00C8F703 /* PostTableViewCell.swift */; };
		7E60B75720CAD81400C8F703 /* PostListTableViewController.swift in Sources */ = {isa = PBXBuildFile; fileRef = 7E60B75620CAD81400C8F703 /* PostListTableViewController.swift */; };
		7E60B75A20CAD85E00C8F703 /* AMPost.m in Sources */ = {isa = PBXBuildFile; fileRef = 7E60B75920CAD85E00C8F703 /* AMPost.m */; };
		7E60B75D20CAD87000C8F703 /* AMPostController.m in Sources */ = {isa = PBXBuildFile; fileRef = 7E60B75C20CAD87000C8F703 /* AMPostController.m */; };
/* End PBXBuildFile section */

/* Begin PBXFileReference section */
		7E60B73420CAD44900C8F703 /* RedditObjC.app */ = {isa = PBXFileReference; explicitFileType = wrapper.application; includeInIndex = 0; path = RedditObjC.app; sourceTree = BUILT_PRODUCTS_DIR; };
		7E60B73720CAD44900C8F703 /* AppDelegate.h */ = {isa = PBXFileReference; lastKnownFileType = sourcecode.c.h; path = AppDelegate.h; sourceTree = "<group>"; };
		7E60B73820CAD44900C8F703 /* AppDelegate.m */ = {isa = PBXFileReference; lastKnownFileType = sourcecode.c.objc; path = AppDelegate.m; sourceTree = "<group>"; };
		7E60B73E20CAD44900C8F703 /* Base */ = {isa = PBXFileReference; lastKnownFileType = file.storyboard; name = Base; path = Base.lproj/Main.storyboard; sourceTree = "<group>"; };
		7E60B74020CAD44A00C8F703 /* Assets.xcassets */ = {isa = PBXFileReference; lastKnownFileType = folder.assetcatalog; path = Assets.xcassets; sourceTree = "<group>"; };
		7E60B74320CAD44A00C8F703 /* Base */ = {isa = PBXFileReference; lastKnownFileType = file.storyboard; name = Base; path = Base.lproj/LaunchScreen.storyboard; sourceTree = "<group>"; };
		7E60B74520CAD44A00C8F703 /* Info.plist */ = {isa = PBXFileReference; lastKnownFileType = text.plist.xml; path = Info.plist; sourceTree = "<group>"; };
		7E60B74620CAD44A00C8F703 /* main.m */ = {isa = PBXFileReference; lastKnownFileType = sourcecode.c.objc; path = main.m; sourceTree = "<group>"; };
		7E60B75320CAD7EE00C8F703 /* RedditObjC-Bridging-Header.h */ = {isa = PBXFileReference; lastKnownFileType = sourcecode.c.h; path = "RedditObjC-Bridging-Header.h"; sourceTree = "<group>"; };
		7E60B75420CAD7EF00C8F703 /* PostTableViewCell.swift */ = {isa = PBXFileReference; lastKnownFileType = sourcecode.swift; path = PostTableViewCell.swift; sourceTree = "<group>"; };
		7E60B75620CAD81400C8F703 /* PostListTableViewController.swift */ = {isa = PBXFileReference; lastKnownFileType = sourcecode.swift; path = PostListTableViewController.swift; sourceTree = "<group>"; };
		7E60B75820CAD85E00C8F703 /* AMPost.h */ = {isa = PBXFileReference; lastKnownFileType = sourcecode.c.h; path = AMPost.h; sourceTree = "<group>"; };
		7E60B75920CAD85E00C8F703 /* AMPost.m */ = {isa = PBXFileReference; lastKnownFileType = sourcecode.c.objc; path = AMPost.m; sourceTree = "<group>"; };
		7E60B75B20CAD87000C8F703 /* AMPostController.h */ = {isa = PBXFileReference; lastKnownFileType = sourcecode.c.h; path = AMPostController.h; sourceTree = "<group>"; };
		7E60B75C20CAD87000C8F703 /* AMPostController.m */ = {isa = PBXFileReference; lastKnownFileType = sourcecode.c.objc; path = AMPostController.m; sourceTree = "<group>"; };
/* End PBXFileReference section */

/* Begin PBXFrameworksBuildPhase section */
		7E60B73120CAD44900C8F703 /* Frameworks */ = {
			isa = PBXFrameworksBuildPhase;
			buildActionMask = 2147483647;
			files = (
			);
			runOnlyForDeploymentPostprocessing = 0;
		};
/* End PBXFrameworksBuildPhase section */

/* Begin PBXGroup section */
		7E60B72B20CAD44900C8F703 = {
			isa = PBXGroup;
			children = (
				7E60B73620CAD44900C8F703 /* RedditObjC */,
				7E60B73520CAD44900C8F703 /* Products */,
			);
			sourceTree = "<group>";
		};
		7E60B73520CAD44900C8F703 /* Products */ = {
			isa = PBXGroup;
			children = (
				7E60B73420CAD44900C8F703 /* RedditObjC.app */,
			);
			name = Products;
			sourceTree = "<group>";
		};
		7E60B73620CAD44900C8F703 /* RedditObjC */ = {
			isa = PBXGroup;
			children = (
				7E60B73720CAD44900C8F703 /* AppDelegate.h */,
				7E60B73820CAD44900C8F703 /* AppDelegate.m */,
				7E60B75220CAD61200C8F703 /* View */,
				7E60B75120CAD5F800C8F703 /* ViewController */,
				7E60B75020CAD5ED00C8F703 /* ModelController */,
				7E60B74F20CAD5E300C8F703 /* Model */,
				7E60B74D20CAD5B500C8F703 /* Resources */,
			);
			path = RedditObjC;
			sourceTree = "<group>";
		};
		7E60B74D20CAD5B500C8F703 /* Resources */ = {
			isa = PBXGroup;
			children = (
				7E60B74020CAD44A00C8F703 /* Assets.xcassets */,
				7E60B74520CAD44A00C8F703 /* Info.plist */,
				7E60B74620CAD44A00C8F703 /* main.m */,
				7E60B75320CAD7EE00C8F703 /* RedditObjC-Bridging-Header.h */,
			);
			path = Resources;
			sourceTree = "<group>";
		};
		7E60B74E20CAD5C300C8F703 /* Storyboards */ = {
			isa = PBXGroup;
			children = (
				7E60B73D20CAD44900C8F703 /* Main.storyboard */,
				7E60B74220CAD44A00C8F703 /* LaunchScreen.storyboard */,
			);
			path = Storyboards;
			sourceTree = "<group>";
		};
		7E60B74F20CAD5E300C8F703 /* Model */ = {
			isa = PBXGroup;
			children = (
				7E60B75820CAD85E00C8F703 /* AMPost.h */,
				7E60B75920CAD85E00C8F703 /* AMPost.m */,
			);
			path = Model;
			sourceTree = "<group>";
		};
		7E60B75020CAD5ED00C8F703 /* ModelController */ = {
			isa = PBXGroup;
			children = (
				7E60B75B20CAD87000C8F703 /* AMPostController.h */,
				7E60B75C20CAD87000C8F703 /* AMPostController.m */,
			);
			path = ModelController;
			sourceTree = "<group>";
		};
		7E60B75120CAD5F800C8F703 /* ViewController */ = {
			isa = PBXGroup;
			children = (
				7E60B75620CAD81400C8F703 /* PostListTableViewController.swift */,
			);
			path = ViewController;
			sourceTree = "<group>";
		};
		7E60B75220CAD61200C8F703 /* View */ = {
			isa = PBXGroup;
			children = (
				7E60B74E20CAD5C300C8F703 /* Storyboards */,
				7E60B75420CAD7EF00C8F703 /* PostTableViewCell.swift */,
			);
			path = View;
			sourceTree = "<group>";
		};
/* End PBXGroup section */

/* Begin PBXNativeTarget section */
		7E60B73320CAD44900C8F703 /* RedditObjC */ = {
			isa = PBXNativeTarget;
			buildConfigurationList = 7E60B74A20CAD44A00C8F703 /* Build configuration list for PBXNativeTarget "RedditObjC" */;
			buildPhases = (
				7E60B73020CAD44900C8F703 /* Sources */,
				7E60B73120CAD44900C8F703 /* Frameworks */,
				7E60B73220CAD44900C8F703 /* Resources */,
			);
			buildRules = (
			);
			dependencies = (
			);
			name = RedditObjC;
			productName = RedditObjC;
			productReference = 7E60B73420CAD44900C8F703 /* RedditObjC.app */;
			productType = "com.apple.product-type.application";
		};
/* End PBXNativeTarget section */

/* Begin PBXProject section */
		7E60B72C20CAD44900C8F703 /* Project object */ = {
			isa = PBXProject;
			attributes = {
				CLASSPREFIX = AM;
				LastUpgradeCheck = 0940;
				ORGANIZATIONNAME = "Adam Moskovich";
				TargetAttributes = {
					7E60B73320CAD44900C8F703 = {
						CreatedOnToolsVersion = 9.4;
						LastSwiftMigration = 0940;
					};
				};
			};
			buildConfigurationList = 7E60B72F20CAD44900C8F703 /* Build configuration list for PBXProject "RedditObjC" */;
			compatibilityVersion = "Xcode 9.3";
			developmentRegion = en;
			hasScannedForEncodings = 0;
			knownRegions = (
				en,
				Base,
			);
			mainGroup = 7E60B72B20CAD44900C8F703;
			productRefGroup = 7E60B73520CAD44900C8F703 /* Products */;
			projectDirPath = "";
			projectRoot = "";
			targets = (
				7E60B73320CAD44900C8F703 /* RedditObjC */,
			);
		};
/* End PBXProject section */

/* Begin PBXResourcesBuildPhase section */
		7E60B73220CAD44900C8F703 /* Resources */ = {
			isa = PBXResourcesBuildPhase;
			buildActionMask = 2147483647;
			files = (
				7E60B74420CAD44A00C8F703 /* LaunchScreen.storyboard in Resources */,
				7E60B74120CAD44A00C8F703 /* Assets.xcassets in Resources */,
				7E60B73F20CAD44900C8F703 /* Main.storyboard in Resources */,
			);
			runOnlyForDeploymentPostprocessing = 0;
		};
/* End PBXResourcesBuildPhase section */

/* Begin PBXSourcesBuildPhase section */
		7E60B73020CAD44900C8F703 /* Sources */ = {
			isa = PBXSourcesBuildPhase;
			buildActionMask = 2147483647;
			files = (
				7E60B74720CAD44A00C8F703 /* main.m in Sources */,
				7E60B75D20CAD87000C8F703 /* AMPostController.m in Sources */,
				7E60B73920CAD44900C8F703 /* AppDelegate.m in Sources */,
				7E60B75520CAD7EF00C8F703 /* PostTableViewCell.swift in Sources */,
				7E60B75720CAD81400C8F703 /* PostListTableViewController.swift in Sources */,
				7E60B75A20CAD85E00C8F703 /* AMPost.m in Sources */,
			);
			runOnlyForDeploymentPostprocessing = 0;
		};
/* End PBXSourcesBuildPhase section */

/* Begin PBXVariantGroup section */
		7E60B73D20CAD44900C8F703 /* Main.storyboard */ = {
			isa = PBXVariantGroup;
			children = (
				7E60B73E20CAD44900C8F703 /* Base */,
			);
			name = Main.storyboard;
			sourceTree = "<group>";
		};
		7E60B74220CAD44A00C8F703 /* LaunchScreen.storyboard */ = {
			isa = PBXVariantGroup;
			children = (
				7E60B74320CAD44A00C8F703 /* Base */,
			);
			name = LaunchScreen.storyboard;
			sourceTree = "<group>";
		};
/* End PBXVariantGroup section */

/* Begin XCBuildConfiguration section */
		7E60B74820CAD44A00C8F703 /* Debug */ = {
			isa = XCBuildConfiguration;
			buildSettings = {
				ALWAYS_SEARCH_USER_PATHS = NO;
				CLANG_ANALYZER_NONNULL = YES;
				CLANG_ANALYZER_NUMBER_OBJECT_CONVERSION = YES_AGGRESSIVE;
				CLANG_CXX_LANGUAGE_STANDARD = "gnu++14";
				CLANG_CXX_LIBRARY = "libc++";
				CLANG_ENABLE_MODULES = YES;
				CLANG_ENABLE_OBJC_ARC = YES;
				CLANG_ENABLE_OBJC_WEAK = YES;
				CLANG_WARN_BLOCK_CAPTURE_AUTORELEASING = YES;
				CLANG_WARN_BOOL_CONVERSION = YES;
				CLANG_WARN_COMMA = YES;
				CLANG_WARN_CONSTANT_CONVERSION = YES;
				CLANG_WARN_DEPRECATED_OBJC_IMPLEMENTATIONS = YES;
				CLANG_WARN_DIRECT_OBJC_ISA_USAGE = YES_ERROR;
				CLANG_WARN_DOCUMENTATION_COMMENTS = YES;
				CLANG_WARN_EMPTY_BODY = YES;
				CLANG_WARN_ENUM_CONVERSION = YES;
				CLANG_WARN_INFINITE_RECURSION = YES;
				CLANG_WARN_INT_CONVERSION = YES;
				CLANG_WARN_NON_LITERAL_NULL_CONVERSION = YES;
				CLANG_WARN_OBJC_IMPLICIT_RETAIN_SELF = YES;
				CLANG_WARN_OBJC_LITERAL_CONVERSION = YES;
				CLANG_WARN_OBJC_ROOT_CLASS = YES_ERROR;
				CLANG_WARN_RANGE_LOOP_ANALYSIS = YES;
				CLANG_WARN_STRICT_PROTOTYPES = YES;
				CLANG_WARN_SUSPICIOUS_MOVE = YES;
				CLANG_WARN_UNGUARDED_AVAILABILITY = YES_AGGRESSIVE;
				CLANG_WARN_UNREACHABLE_CODE = YES;
				CLANG_WARN__DUPLICATE_METHOD_MATCH = YES;
				CODE_SIGN_IDENTITY = "iPhone Developer";
				COPY_PHASE_STRIP = NO;
				DEBUG_INFORMATION_FORMAT = dwarf;
				ENABLE_STRICT_OBJC_MSGSEND = YES;
				ENABLE_TESTABILITY = YES;
				GCC_C_LANGUAGE_STANDARD = gnu11;
				GCC_DYNAMIC_NO_PIC = NO;
				GCC_NO_COMMON_BLOCKS = YES;
				GCC_OPTIMIZATION_LEVEL = 0;
				GCC_PREPROCESSOR_DEFINITIONS = (
					"DEBUG=1",
					"$(inherited)",
				);
				GCC_WARN_64_TO_32_BIT_CONVERSION = YES;
				GCC_WARN_ABOUT_RETURN_TYPE = YES_ERROR;
				GCC_WARN_UNDECLARED_SELECTOR = YES;
				GCC_WARN_UNINITIALIZED_AUTOS = YES_AGGRESSIVE;
				GCC_WARN_UNUSED_FUNCTION = YES;
				GCC_WARN_UNUSED_VARIABLE = YES;
				IPHONEOS_DEPLOYMENT_TARGET = 11.4;
				MTL_ENABLE_DEBUG_INFO = YES;
				ONLY_ACTIVE_ARCH = YES;
				SDKROOT = iphoneos;
			};
			name = Debug;
		};
		7E60B74920CAD44A00C8F703 /* Release */ = {
			isa = XCBuildConfiguration;
			buildSettings = {
				ALWAYS_SEARCH_USER_PATHS = NO;
				CLANG_ANALYZER_NONNULL = YES;
				CLANG_ANALYZER_NUMBER_OBJECT_CONVERSION = YES_AGGRESSIVE;
				CLANG_CXX_LANGUAGE_STANDARD = "gnu++14";
				CLANG_CXX_LIBRARY = "libc++";
				CLANG_ENABLE_MODULES = YES;
				CLANG_ENABLE_OBJC_ARC = YES;
				CLANG_ENABLE_OBJC_WEAK = YES;
				CLANG_WARN_BLOCK_CAPTURE_AUTORELEASING = YES;
				CLANG_WARN_BOOL_CONVERSION = YES;
				CLANG_WARN_COMMA = YES;
				CLANG_WARN_CONSTANT_CONVERSION = YES;
				CLANG_WARN_DEPRECATED_OBJC_IMPLEMENTATIONS = YES;
				CLANG_WARN_DIRECT_OBJC_ISA_USAGE = YES_ERROR;
				CLANG_WARN_DOCUMENTATION_COMMENTS = YES;
				CLANG_WARN_EMPTY_BODY = YES;
				CLANG_WARN_ENUM_CONVERSION = YES;
				CLANG_WARN_INFINITE_RECURSION = YES;
				CLANG_WARN_INT_CONVERSION = YES;
				CLANG_WARN_NON_LITERAL_NULL_CONVERSION = YES;
				CLANG_WARN_OBJC_IMPLICIT_RETAIN_SELF = YES;
				CLANG_WARN_OBJC_LITERAL_CONVERSION = YES;
				CLANG_WARN_OBJC_ROOT_CLASS = YES_ERROR;
				CLANG_WARN_RANGE_LOOP_ANALYSIS = YES;
				CLANG_WARN_STRICT_PROTOTYPES = YES;
				CLANG_WARN_SUSPICIOUS_MOVE = YES;
				CLANG_WARN_UNGUARDED_AVAILABILITY = YES_AGGRESSIVE;
				CLANG_WARN_UNREACHABLE_CODE = YES;
				CLANG_WARN__DUPLICATE_METHOD_MATCH = YES;
				CODE_SIGN_IDENTITY = "iPhone Developer";
				COPY_PHASE_STRIP = NO;
				DEBUG_INFORMATION_FORMAT = "dwarf-with-dsym";
				ENABLE_NS_ASSERTIONS = NO;
				ENABLE_STRICT_OBJC_MSGSEND = YES;
				GCC_C_LANGUAGE_STANDARD = gnu11;
				GCC_NO_COMMON_BLOCKS = YES;
				GCC_WARN_64_TO_32_BIT_CONVERSION = YES;
				GCC_WARN_ABOUT_RETURN_TYPE = YES_ERROR;
				GCC_WARN_UNDECLARED_SELECTOR = YES;
				GCC_WARN_UNINITIALIZED_AUTOS = YES_AGGRESSIVE;
				GCC_WARN_UNUSED_FUNCTION = YES;
				GCC_WARN_UNUSED_VARIABLE = YES;
				IPHONEOS_DEPLOYMENT_TARGET = 11.4;
				MTL_ENABLE_DEBUG_INFO = NO;
				SDKROOT = iphoneos;
				VALIDATE_PRODUCT = YES;
			};
			name = Release;
		};
		7E60B74B20CAD44A00C8F703 /* Debug */ = {
			isa = XCBuildConfiguration;
			buildSettings = {
				ASSETCATALOG_COMPILER_APPICON_NAME = AppIcon;
				CLANG_ENABLE_MODULES = YES;
				CODE_SIGN_STYLE = Automatic;
				DEVELOPMENT_TEAM = DBM67E5D74;
				INFOPLIST_FILE = "$(SRCROOT)/RedditObjC/Resources/Info.plist";
				LD_RUNPATH_SEARCH_PATHS = (
					"$(inherited)",
					"@executable_path/Frameworks",
				);
				PRODUCT_BUNDLE_IDENTIFIER = com.adammoskovich.RedditObjC;
				PRODUCT_NAME = "$(TARGET_NAME)";
				SWIFT_OBJC_BRIDGING_HEADER = "RedditObjC/Resources/RedditObjC-Bridging-Header.h";
				SWIFT_OPTIMIZATION_LEVEL = "-Onone";
				SWIFT_VERSION = 3.0;
				TARGETED_DEVICE_FAMILY = "1,2";
			};
			name = Debug;
		};
		7E60B74C20CAD44A00C8F703 /* Release */ = {
			isa = XCBuildConfiguration;
			buildSettings = {
				ASSETCATALOG_COMPILER_APPICON_NAME = AppIcon;
				CLANG_ENABLE_MODULES = YES;
				CODE_SIGN_STYLE = Automatic;
				DEVELOPMENT_TEAM = DBM67E5D74;
				INFOPLIST_FILE = "$(SRCROOT)/RedditObjC/Resources/Info.plist";
				LD_RUNPATH_SEARCH_PATHS = (
					"$(inherited)",
					"@executable_path/Frameworks",
				);
				PRODUCT_BUNDLE_IDENTIFIER = com.adammoskovich.RedditObjC;
				PRODUCT_NAME = "$(TARGET_NAME)";
				SWIFT_OBJC_BRIDGING_HEADER = "RedditObjC/Resources/RedditObjC-Bridging-Header.h";
				SWIFT_VERSION = 3.0;
				TARGETED_DEVICE_FAMILY = "1,2";
			};
			name = Release;
		};
/* End XCBuildConfiguration section */

/* Begin XCConfigurationList section */
		7E60B72F20CAD44900C8F703 /* Build configuration list for PBXProject "RedditObjC" */ = {
			isa = XCConfigurationList;
			buildConfigurations = (
				7E60B74820CAD44A00C8F703 /* Debug */,
				7E60B74920CAD44A00C8F703 /* Release */,
			);
			defaultConfigurationIsVisible = 0;
			defaultConfigurationName = Release;
		};
		7E60B74A20CAD44A00C8F703 /* Build configuration list for PBXNativeTarget "RedditObjC" */ = {
			isa = XCConfigurationList;
			buildConfigurations = (
				7E60B74B20CAD44A00C8F703 /* Debug */,
				7E60B74C20CAD44A00C8F703 /* Release */,
			);
			defaultConfigurationIsVisible = 0;
			defaultConfigurationName = Release;
		};
/* End XCConfigurationList section */
	};
	rootObject = 7E60B72C20CAD44900C8F703 /* Project object */;
}
